
Microsoft Visual Studio Solution File, Format Version 12.00
# Visual Studio Version 16
VisualStudioVersion = 16.0.30114.105
MinimumVisualStudioVersion = 10.0.40219.1
Project("{FAE04EC0-301F-11D3-BF4B-00C04F79EFBC}") = "AzureDevOpsApp", "AzureDevOpsApp\AzureDevOpsApp.csproj", "{00AB261F-6231-4AA3-B998-C9C3DB49E3CD}"
EndProject
Project("{FAE04EC0-301F-11D3-BF4B-00C04F79EFBC}") = "AzureDevOpsTest", "AzureDevOpsTest\AzureDevOpsTest.csproj", "{E8755BCF-01E1-4B2E-8587-81461C3480DD}"
EndProject
Global
	GlobalSection(SolutionConfigurationPlatforms) = preSolution
		Debug|Any CPU = Debug|Any CPU
		Release|Any CPU = Release|Any CPU
	EndGlobalSection
	GlobalSection(ProjectConfigurationPlatforms) = postSolution
		{00AB261F-6231-4AA3-B998-C9C3DB49E3CD}.Debug|Any CPU.ActiveCfg = Debug|Any CPU
		{00AB261F-6231-4AA3-B998-C9C3DB49E3CD}.Debug|Any CPU.Build.0 = Debug|Any CPU
		{00AB261F-6231-4AA3-B998-C9C3DB49E3CD}.Release|Any CPU.ActiveCfg = Release|Any CPU
		{00AB261F-6231-4AA3-B998-C9C3DB49E3CD}.Release|Any CPU.Build.0 = Release|Any CPU
		{E8755BCF-01E1-4B2E-8587-81461C3480DD}.Debug|Any CPU.ActiveCfg = Debug|Any CPU
		{E8755BCF-01E1-4B2E-8587-81461C3480DD}.Debug|Any CPU.Build.0 = Debug|Any CPU
		{E8755BCF-01E1-4B2E-8587-81461C3480DD}.Release|Any CPU.ActiveCfg = Release|Any CPU
		{E8755BCF-01E1-4B2E-8587-81461C3480DD}.Release|Any CPU.Build.0 = Release|Any CPU
	EndGlobalSection
	GlobalSection(SolutionProperties) = preSolution
		HideSolutionNode = FALSE
	EndGlobalSection
	GlobalSection(ExtensibilityGlobals) = postSolution
		SolutionGuid = {12E383D4-8C73-4FB5-AD43-D36172284D3D}
	EndGlobalSection
EndGlobal
